<?xml version="1.0" encoding="utf-8"?>
<Project ToolsVersion="4.0" xmlns="http://schemas.microsoft.com/developer/msbuild/2003">
  <ItemGroup>
    <ClCompile Include="Main.cpp" />
    <ClCompile Include="ObjectArray.cpp">
      <Filter>Engine\Private</Filter>
    </ClCompile>
    <ClCompile Include="Offsets.cpp">
      <Filter>Engine\Private</Filter>
    </ClCompile>
    <ClCompile Include="UnrealObjects.cpp">
      <Filter>Engine\Private</Filter>
    </ClCompile>
    <ClCompile Include="NameArray.cpp">
      <Filter>Engine\Private</Filter>
    </ClCompile>
    <ClCompile Include="UnrealTypes.cpp">
      <Filter>Engine\Private</Filter>
    </ClCompile>
    <ClCompile Include="CollisionManager.cpp">
      <Filter>GeneratorRewrite\Private\Managers</Filter>
    </ClCompile>
    <ClCompile Include="DependencyManager.cpp">
      <Filter>GeneratorRewrite\Private\Managers</Filter>
    </ClCompile>
    <ClCompile Include="EnumManager.cpp">
      <Filter>GeneratorRewrite\Private\Managers</Filter>
    </ClCompile>
    <ClCompile Include="MemberManager.cpp">
      <Filter>GeneratorRewrite\Private\Managers</Filter>
    </ClCompile>
    <ClCompile Include="StructManager.cpp">
      <Filter>GeneratorRewrite\Private\Managers</Filter>
    </ClCompile>
    <ClCompile Include="EnumWrapper.cpp">
      <Filter>GeneratorRewrite\Private\Wrappers</Filter>
    </ClCompile>
    <ClCompile Include="MemberWrappers.cpp">
      <Filter>GeneratorRewrite\Private\Wrappers</Filter>
    </ClCompile>
    <ClCompile Include="StructWrapper.cpp">
      <Filter>GeneratorRewrite\Private\Wrappers</Filter>
    </ClCompile>
    <ClCompile Include="CppGenerator.cpp">
      <Filter>GeneratorRewrite\Private\Generators</Filter>
    </ClCompile>
    <ClCompile Include="Generator.cpp">
      <Filter>GeneratorRewrite\Private\Generators</Filter>
    </ClCompile>
    <ClCompile Include="HashStringTable.cpp">
      <Filter>GeneratorRewrite\Private</Filter>
    </ClCompile>
    <ClCompile Include="PackageManager.cpp">
      <Filter>GeneratorRewrite\Private\Managers</Filter>
    </ClCompile>
    <ClCompile Include="MappingGenerator.cpp">
      <Filter>GeneratorRewrite\Private\Generators</Filter>
    </ClCompile>
    <ClCompile Include="IDAMappingGenerator.cpp">
      <Filter>GeneratorRewrite\Private\Generators</Filter>
    </ClCompile>
    <ClCompile Include="ExternalDependencies\Dumpspace\DSGen.cpp">
      <Filter>Utils\Dumpspace</Filter>
    </ClCompile>
    <ClCompile Include="ExternalDependencies\Compression\zstd.c">
      <Filter>Utils\Compression</Filter>
    </ClCompile>
    <ClCompile Include="DumpspaceGenerator.cpp">
      <Filter>GeneratorRewrite\Private\Generators</Filter>
    </ClCompile>
  </ItemGroup>
  <ItemGroup>
    <Filter Include="Engine">
      <UniqueIdentifier>{0b2e1251-929c-4f5b-bd97-9f43d1e3d1a5}</UniqueIdentifier>
    </Filter>
    <Filter Include="Engine\Private">
      <UniqueIdentifier>{c14865ec-9225-40d7-ab6c-b7f7011841e2}</UniqueIdentifier>
    </Filter>
    <Filter Include="Engine\Public">
      <UniqueIdentifier>{b5a6970c-66b5-4546-8bc3-8bc17d28045a}</UniqueIdentifier>
    </Filter>
    <Filter Include="Utils">
      <UniqueIdentifier>{da88a5f5-413a-4b03-9503-d846f46c9162}</UniqueIdentifier>
    </Filter>
    <Filter Include="GeneratorRewrite">
      <UniqueIdentifier>{0b1b2a6f-5a40-495a-8226-c3a327549ed4}</UniqueIdentifier>
    </Filter>
    <Filter Include="GeneratorRewrite\Public">
      <UniqueIdentifier>{73815208-262e-4c07-ad93-0ffc74b48976}</UniqueIdentifier>
    </Filter>
    <Filter Include="GeneratorRewrite\Private">
      <UniqueIdentifier>{d7d31e29-fabc-4f1a-94be-53c5f4940c91}</UniqueIdentifier>
    </Filter>
    <Filter Include="GeneratorRewrite\Public\Managers">
      <UniqueIdentifier>{94e86c4a-a3b6-4bff-823c-cc84621b8862}</UniqueIdentifier>
    </Filter>
    <Filter Include="GeneratorRewrite\Private\Managers">
      <UniqueIdentifier>{93439fa6-5477-4ea1-be46-bd0fee46237b}</UniqueIdentifier>
    </Filter>
    <Filter Include="GeneratorRewrite\Public\Wrappers">
      <UniqueIdentifier>{4cae6d93-ad23-4c27-9bb0-3d556ffebd69}</UniqueIdentifier>
    </Filter>
    <Filter Include="GeneratorRewrite\Private\Wrappers">
      <UniqueIdentifier>{23b14467-832b-4850-87dd-b450adf2c145}</UniqueIdentifier>
    </Filter>
    <Filter Include="GeneratorRewrite\Private\Generators">
      <UniqueIdentifier>{53bc2117-a7ae-49a1-8463-74f51d3a94df}</UniqueIdentifier>
    </Filter>
    <Filter Include="GeneratorRewrite\Public\Generators">
      <UniqueIdentifier>{de34ddb1-4f8d-4224-8d8e-a7cd966d3d86}</UniqueIdentifier>
    </Filter>
    <Filter Include="Utils\Compression">
      <UniqueIdentifier>{586453ff-9ea9-4e66-a54c-30654e0e6113}</UniqueIdentifier>
    </Filter>
    <Filter Include="Utils\Dumpspace">
      <UniqueIdentifier>{5c4c0ad6-3e5e-4c90-b98f-bcfa3d46d671}</UniqueIdentifier>
    </Filter>
    <Filter Include="Utils\Json">
      <UniqueIdentifier>{34aabb03-f73e-4107-b4ee-e7afa15b111d}</UniqueIdentifier>
    </Filter>
    <Filter Include="Tests">
      <UniqueIdentifier>{ae8563d1-816c-4218-9877-a95f062ca4ff}</UniqueIdentifier>
    </Filter>
  </ItemGroup>
  <ItemGroup>
    <ClInclude Include="ObjectArray.h">
      <Filter>Engine\Public</Filter>
    </ClInclude>
    <ClInclude Include="Offsets.h">
      <Filter>Engine\Public</Filter>
    </ClInclude>
    <ClInclude Include="UnrealTypes.h">
      <Filter>Engine\Public</Filter>
    </ClInclude>
    <ClInclude Include="Enums.h">
      <Filter>Engine\Public</Filter>
    </ClInclude>
    <ClInclude Include="UnrealObjects.h">
      <Filter>Engine\Public</Filter>
    </ClInclude>
    <ClInclude Include="Utils.h">
      <Filter>Utils</Filter>
    </ClInclude>
    <ClInclude Include="OffsetFinder.h">
      <Filter>Engine\Public</Filter>
    </ClInclude>
    <ClInclude Include="NameArray.h">
      <Filter>Engine\Public</Filter>
    </ClInclude>
    <ClInclude Include="HashStringTable.h">
      <Filter>GeneratorRewrite\Public</Filter>
    </ClInclude>
    <ClInclude Include="HashStringTableTest.h">
      <Filter>Tests</Filter>
    </ClInclude>
    <ClInclude Include="GeneratorTest.h">
      <Filter>Tests</Filter>
    </ClInclude>
    <ClInclude Include="StructManagerTest.h">
      <Filter>Tests</Filter>
    </ClInclude>
    <ClInclude Include="CollisionManagerTest.h">
      <Filter>Tests</Filter>
    </ClInclude>
    <ClInclude Include="MemberManagerTest.h">
      <Filter>Tests</Filter>
    </ClInclude>
    <ClInclude Include="TestBase.h">
      <Filter>Tests</Filter>
    </ClInclude>
    <ClInclude Include="EnumManagerTest.h">
      <Filter>Tests</Filter>
    </ClInclude>
    <ClInclude Include="CollisionManager.h">
      <Filter>GeneratorRewrite\Public\Managers</Filter>
    </ClInclude>
    <ClInclude Include="EnumManager.h">
      <Filter>GeneratorRewrite\Public\Managers</Filter>
    </ClInclude>
    <ClInclude Include="MemberManager.h">
      <Filter>GeneratorRewrite\Public\Managers</Filter>
    </ClInclude>
    <ClInclude Include="PackageManager.h">
      <Filter>GeneratorRewrite\Public\Managers</Filter>
    </ClInclude>
    <ClInclude Include="StructWrapper.h">
      <Filter>GeneratorRewrite\Public\Wrappers</Filter>
    </ClInclude>
    <ClInclude Include="EnumWrapper.h">
      <Filter>GeneratorRewrite\Public\Wrappers</Filter>
    </ClInclude>
    <ClInclude Include="MemberWrappers.h">
      <Filter>GeneratorRewrite\Public\Wrappers</Filter>
    </ClInclude>
    <ClInclude Include="DependencyManager.h">
      <Filter>GeneratorRewrite\Public\Managers</Filter>
    </ClInclude>
    <ClInclude Include="StructManager.h">
      <Filter>GeneratorRewrite\Public\Managers</Filter>
    </ClInclude>
    <ClInclude Include="CppGenerator.h">
      <Filter>GeneratorRewrite\Public\Generators</Filter>
    </ClInclude>
    <ClInclude Include="Generator.h">
      <Filter>GeneratorRewrite\Public\Generators</Filter>
    </ClInclude>
    <ClInclude Include="PackageManagerTest.h">
      <Filter>Tests</Filter>
    </ClInclude>
    <ClInclude Include="CppGeneratorTest.h">
      <Filter>Tests</Filter>
    </ClInclude>
    <ClInclude Include="Settings.h">
      <Filter>GeneratorRewrite</Filter>
    </ClInclude>
    <ClInclude Include="MappingGenerator.h">
      <Filter>GeneratorRewrite\Public\Generators</Filter>
    </ClInclude>
    <ClInclude Include="IDAMappingGenerator.h">
      <Filter>GeneratorRewrite\Public\Generators</Filter>
    </ClInclude>
    <ClInclude Include="PredefinedMembers.h">
      <Filter>GeneratorRewrite\Public</Filter>
    </ClInclude>
    <ClInclude Include="ExternalDependencies\Dumpspace\DSGen.h">
      <Filter>Utils\Dumpspace</Filter>
    </ClInclude>
    <ClInclude Include="ExternalDependencies\Compression\zstd.h">
      <Filter>Utils\Compression</Filter>
    </ClInclude>
    <ClInclude Include="ExternalDependencies\Json\json.hpp">
      <Filter>Utils\Json</Filter>
    </ClInclude>
    <ClInclude Include="DumpspaceGenerator.h">
      <Filter>GeneratorRewrite\Public\Generators</Filter>
    </ClInclude>
  </ItemGroup>
</Project>