<?xml version="1.0" encoding="utf-8"?>
<Project ToolsVersion="4.0" xmlns="http://schemas.microsoft.com/developer/msbuild/2003">
  <ItemGroup>
    <ClCompile Include="Main.cpp" />
    <ClCompile Include="Generator\Private\Managers\CollisionManager.cpp">
      <Filter>Generator\Private\Managers</Filter>
    </ClCompile>
    <ClCompile Include="Generator\Private\Managers\DependencyManager.cpp">
      <Filter>Generator\Private\Managers</Filter>
    </ClCompile>
    <ClCompile Include="Generator\Private\Managers\EnumManager.cpp">
      <Filter>Generator\Private\Managers</Filter>
    </ClCompile>
    <ClCompile Include="Generator\Private\Managers\MemberManager.cpp">
      <Filter>Generator\Private\Managers</Filter>
    </ClCompile>
    <ClCompile Include="Generator\Private\Managers\StructManager.cpp">
      <Filter>Generator\Private\Managers</Filter>
    </ClCompile>
    <ClCompile Include="Generator\Private\Wrappers\EnumWrapper.cpp">
      <Filter>Generator\Private\Wrappers</Filter>
    </ClCompile>
    <ClCompile Include="Generator\Private\Wrappers\MemberWrappers.cpp">
      <Filter>Generator\Private\Wrappers</Filter>
    </ClCompile>
    <ClCompile Include="Generator\Private\Wrappers\StructWrapper.cpp">
      <Filter>Generator\Private\Wrappers</Filter>
    </ClCompile>
    <ClCompile Include="Generator\Private\Generators\CppGenerator.cpp">
      <Filter>Generator\Private\Generators</Filter>
    </ClCompile>
    <ClCompile Include="Generator\Private\Generators\Generator.cpp">
      <Filter>Generator\Private\Generators</Filter>
    </ClCompile>
    <ClCompile Include="Generator\Private\HashStringTable.cpp">
      <Filter>Generator\Private</Filter>
    </ClCompile>
    <ClCompile Include="Generator\Private\Managers\PackageManager.cpp">
      <Filter>Generator\Private\Managers</Filter>
    </ClCompile>
    <ClCompile Include="Generator\Private\Generators\MappingGenerator.cpp">
      <Filter>Generator\Private\Generators</Filter>
    </ClCompile>
    <ClCompile Include="Generator\Private\Generators\IDAMappingGenerator.cpp">
      <Filter>Generator\Private\Generators</Filter>
    </ClCompile>
    <ClCompile Include="Utils\Dumpspace\DSGen.cpp">
      <Filter>Utils\Dumpspace</Filter>
    </ClCompile>
    <ClCompile Include="Utils\Compression\zstd.c">
      <Filter>Utils\Compression</Filter>
    </ClCompile>
    <ClCompile Include="Generator\Private\Generators\DumpspaceGenerator.cpp">
      <Filter>Generator\Private\Generators</Filter>
    </ClCompile>
    <ClCompile Include="Engine\Private\OffsetFinder\Offsets.cpp">
      <Filter>Engine\Private\OffsetFinder</Filter>
    </ClCompile>
    <ClCompile Include="Engine\Private\Unreal\NameArray.cpp">
      <Filter>Engine\Private\Unreal</Filter>
    </ClCompile>
    <ClCompile Include="Engine\Private\Unreal\ObjectArray.cpp">
      <Filter>Engine\Private\Unreal</Filter>
    </ClCompile>
    <ClCompile Include="Engine\Private\Unreal\UnrealObjects.cpp">
      <Filter>Engine\Private\Unreal</Filter>
    </ClCompile>
    <ClCompile Include="Engine\Private\Unreal\UnrealTypes.cpp">
      <Filter>Engine\Private\Unreal</Filter>
    </ClCompile>
    <ClCompile Include="Engine\Private\OffsetFinder\OffsetFinder.cpp">
      <Filter>Engine\Private\OffsetFinder</Filter>
    </ClCompile>
    <ClCompile Include="Settings.cpp">
      <Filter>Generator</Filter>
    </ClCompile>
    <ClCompile Include="Platform\Private\Arch_x86.cpp">
      <Filter>Platform\Private</Filter>
    </ClCompile>
    <ClCompile Include="Platform\Private\PlatformWindows.cpp">
      <Filter>Platform\Private</Filter>
    </ClCompile>
  </ItemGroup>
  <ItemGroup>
    <Filter Include="Engine">
      <UniqueIdentifier>{0b2e1251-929c-4f5b-bd97-9f43d1e3d1a5}</UniqueIdentifier>
    </Filter>
    <Filter Include="Engine\Private">
      <UniqueIdentifier>{c14865ec-9225-40d7-ab6c-b7f7011841e2}</UniqueIdentifier>
    </Filter>
    <Filter Include="Engine\Public">
      <UniqueIdentifier>{b5a6970c-66b5-4546-8bc3-8bc17d28045a}</UniqueIdentifier>
    </Filter>
    <Filter Include="Utils">
      <UniqueIdentifier>{da88a5f5-413a-4b03-9503-d846f46c9162}</UniqueIdentifier>
    </Filter>
    <Filter Include="Generator">
      <UniqueIdentifier>{0b1b2a6f-5a40-495a-8226-c3a327549ed4}</UniqueIdentifier>
    </Filter>
    <Filter Include="Generator\Public">
      <UniqueIdentifier>{73815208-262e-4c07-ad93-0ffc74b48976}</UniqueIdentifier>
    </Filter>
    <Filter Include="Generator\Private">
      <UniqueIdentifier>{d7d31e29-fabc-4f1a-94be-53c5f4940c91}</UniqueIdentifier>
    </Filter>
    <Filter Include="Generator\Public\Managers">
      <UniqueIdentifier>{94e86c4a-a3b6-4bff-823c-cc84621b8862}</UniqueIdentifier>
    </Filter>
    <Filter Include="Generator\Private\Managers">
      <UniqueIdentifier>{93439fa6-5477-4ea1-be46-bd0fee46237b}</UniqueIdentifier>
    </Filter>
    <Filter Include="Generator\Public\Wrappers">
      <UniqueIdentifier>{4cae6d93-ad23-4c27-9bb0-3d556ffebd69}</UniqueIdentifier>
    </Filter>
    <Filter Include="Generator\Private\Wrappers">
      <UniqueIdentifier>{23b14467-832b-4850-87dd-b450adf2c145}</UniqueIdentifier>
    </Filter>
    <Filter Include="Generator\Private\Generators">
      <UniqueIdentifier>{53bc2117-a7ae-49a1-8463-74f51d3a94df}</UniqueIdentifier>
    </Filter>
    <Filter Include="Generator\Public\Generators">
      <UniqueIdentifier>{de34ddb1-4f8d-4224-8d8e-a7cd966d3d86}</UniqueIdentifier>
    </Filter>
    <Filter Include="Utils\Compression">
      <UniqueIdentifier>{586453ff-9ea9-4e66-a54c-30654e0e6113}</UniqueIdentifier>
    </Filter>
    <Filter Include="Utils\Dumpspace">
      <UniqueIdentifier>{5c4c0ad6-3e5e-4c90-b98f-bcfa3d46d671}</UniqueIdentifier>
    </Filter>
    <Filter Include="Utils\Json">
      <UniqueIdentifier>{34aabb03-f73e-4107-b4ee-e7afa15b111d}</UniqueIdentifier>
    </Filter>
    <Filter Include="Utils\Encoding">
      <UniqueIdentifier>{6b25c48b-0bb2-4044-85fc-d02953c8f851}</UniqueIdentifier>
    </Filter>
    <Filter Include="Platform">
      <UniqueIdentifier>{4dec28e1-d87c-4f69-82ae-603871d83532}</UniqueIdentifier>
    </Filter>
    <Filter Include="Engine\Private\OffsetFinder">
      <UniqueIdentifier>{11187eea-81fe-46e6-bef6-50834d0acbcd}</UniqueIdentifier>
    </Filter>
    <Filter Include="Engine\Private\Unreal">
      <UniqueIdentifier>{0ed132d4-92ff-4361-959d-6fd6f0d32a10}</UniqueIdentifier>
    </Filter>
    <Filter Include="Engine\Public\OffsetFinder">
      <UniqueIdentifier>{6e7170b5-e9e8-472a-a89a-a3a252996297}</UniqueIdentifier>
    </Filter>
    <Filter Include="Engine\Public\Unreal">
      <UniqueIdentifier>{6a98b5e0-152b-44ed-a5f7-03f0b6fea706}</UniqueIdentifier>
    </Filter>
    <Filter Include="Platform\Private">
      <UniqueIdentifier>{2a47e560-d29f-4ddb-9999-ffcd2bb39cd7}</UniqueIdentifier>
    </Filter>
    <Filter Include="Platform\Public">
      <UniqueIdentifier>{20b61d16-28a4-4662-9363-055d8d9d04c7}</UniqueIdentifier>
    </Filter>
  </ItemGroup>
  <ItemGroup>
    <ClInclude Include="Generator\Public\HashStringTable.h">
      <Filter>Generator\Public</Filter>
    </ClInclude>
    <ClInclude Include="Generator\Public\Managers\CollisionManager.h">
      <Filter>Generator\Public\Managers</Filter>
    </ClInclude>
    <ClInclude Include="Generator\Public\Managers\EnumManager.h">
      <Filter>Generator\Public\Managers</Filter>
    </ClInclude>
    <ClInclude Include="Generator\Public\Managers\MemberManager.h">
      <Filter>Generator\Public\Managers</Filter>
    </ClInclude>
    <ClInclude Include="Generator\Public\Managers\PackageManager.h">
      <Filter>Generator\Public\Managers</Filter>
    </ClInclude>
    <ClInclude Include="Generator\Public\Wrappers\StructWrapper.h">
      <Filter>Generator\Public\Wrappers</Filter>
    </ClInclude>
    <ClInclude Include="Generator\Public\Wrappers\EnumWrapper.h">
      <Filter>Generator\Public\Wrappers</Filter>
    </ClInclude>
    <ClInclude Include="Generator\Public\Wrappers\MemberWrappers.h">
      <Filter>Generator\Public\Wrappers</Filter>
    </ClInclude>
    <ClInclude Include="Generator\Public\Managers\DependencyManager.h">
      <Filter>Generator\Public\Managers</Filter>
    </ClInclude>
    <ClInclude Include="Generator\Public\Managers\StructManager.h">
      <Filter>Generator\Public\Managers</Filter>
    </ClInclude>
    <ClInclude Include="Generator\Public\Generators\CppGenerator.h">
      <Filter>Generator\Public\Generators</Filter>
    </ClInclude>
    <ClInclude Include="Generator\Public\Generators\Generator.h">
      <Filter>Generator\Public\Generators</Filter>
    </ClInclude>
    <ClInclude Include="Settings.h">
      <Filter>Generator</Filter>
    </ClInclude>
    <ClInclude Include="Generator\Public\Generators\MappingGenerator.h">
      <Filter>Generator\Public\Generators</Filter>
    </ClInclude>
    <ClInclude Include="Generator\Public\Generators\IDAMappingGenerator.h">
      <Filter>Generator\Public\Generators</Filter>
    </ClInclude>
    <ClInclude Include="Generator\Public\PredefinedMembers.h">
      <Filter>Generator\Public</Filter>
    </ClInclude>
    <ClInclude Include="Utils\Dumpspace\DSGen.h">
      <Filter>Utils\Dumpspace</Filter>
    </ClInclude>
    <ClInclude Include="Utils\Compression\zstd.h">
      <Filter>Utils\Compression</Filter>
    </ClInclude>
    <ClInclude Include="Utils\Json\json.hpp">
      <Filter>Utils\Json</Filter>
    </ClInclude>
    <ClInclude Include="Generator\Public\Generators\DumpspaceGenerator.h">
      <Filter>Generator\Public\Generators</Filter>
    </ClInclude>
    <ClInclude Include="Utils\Encoding\UnicodeNames.h">
      <Filter>Utils</Filter>
    </ClInclude>
    <ClInclude Include="Utils\Encoding\UtfN.hpp">
      <Filter>Utils\Encoding</Filter>
    </ClInclude>
    <ClInclude Include="Utils\Utils.h">
      <Filter>Platform</Filter>
    </ClInclude>
    <ClInclude Include="Engine\Public\Unreal\UnrealContainers.h">
      <Filter>Engine\Public\Unreal</Filter>
    </ClInclude>
    <ClInclude Include="Engine\Public\OffsetFinder\Offsets.h">
      <Filter>Engine\Public\OffsetFinder</Filter>
    </ClInclude>
    <ClInclude Include="Engine\Public\OffsetFinder\OffsetFinder.h">
      <Filter>Engine\Public\OffsetFinder</Filter>
    </ClInclude>
    <ClInclude Include="Engine\Public\Unreal\Enums.h">
      <Filter>Engine\Public\Unreal</Filter>
    </ClInclude>
    <ClInclude Include="Engine\Public\Unreal\NameArray.h">
      <Filter>Engine\Public\Unreal</Filter>
    </ClInclude>
    <ClInclude Include="Engine\Public\Unreal\ObjectArray.h">
      <Filter>Engine\Public\Unreal</Filter>
    </ClInclude>
    <ClInclude Include="Engine\Public\Unreal\UnrealObjects.h">
      <Filter>Engine\Public\Unreal</Filter>
    </ClInclude>
    <ClInclude Include="Engine\Public\Unreal\UnrealTypes.h">
      <Filter>Engine\Public\Unreal</Filter>
    </ClInclude>
    <ClInclude Include="TmpUtils.h">
      <Filter>Platform</Filter>
    </ClInclude>
    <ClInclude Include="Platform\Private\Arch_x86.h">
      <Filter>Platform\Private</Filter>
    </ClInclude>
    <ClInclude Include="Platform\Private\PlatformWindows.h">
      <Filter>Platform\Private</Filter>
    </ClInclude>
    <ClInclude Include="Platform\Public\Architecture.h">
      <Filter>Platform\Public</Filter>
    </ClInclude>
    <ClInclude Include="Platform\Public\Platform.h">
      <Filter>Platform\Public</Filter>
    </ClInclude>
  </ItemGroup>
</Project>